
Microsoft Visual Studio Solution File, Format Version 12.00
# Visual Studio 15
VisualStudioVersion = 15.0.28010.2050
MinimumVisualStudioVersion = 10.0.40219.1
Project("{FAE04EC0-301F-11D3-BF4B-00C04F79EFBC}") = "LearnGraphQL", "LearnGraphQL\LearnGraphQL.csproj", "{1E5EC7B9-9C7A-429A-B7B2-2551BE4773C3}"
EndProject
Global
	GlobalSection(SolutionConfigurationPlatforms) = preSolution
		Debug|Any CPU = Debug|Any CPU
		Release|Any CPU = Release|Any CPU
	EndGlobalSection
	GlobalSection(ProjectConfigurationPlatforms) = postSolution
		{1E5EC7B9-9C7A-429A-B7B2-2551BE4773C3}.Debug|Any CPU.ActiveCfg = Debug|Any CPU
		{1E5EC7B9-9C7A-429A-B7B2-2551BE4773C3}.Debug|Any CPU.Build.0 = Debug|Any CPU
		{1E5EC7B9-9C7A-429A-B7B2-2551BE4773C3}.Release|Any CPU.ActiveCfg = Release|Any CPU
		{1E5EC7B9-9C7A-429A-B7B2-2551BE4773C3}.Release|Any CPU.Build.0 = Release|Any CPU
	EndGlobalSection
	GlobalSection(SolutionProperties) = preSolution
		HideSolutionNode = FALSE
	EndGlobalSection
	GlobalSection(ExtensibilityGlobals) = postSolution
		SolutionGuid = {78FF4124-54D0-41C3-9780-7F809E95CD0B}
	EndGlobalSection
EndGlobal
